[[package]]
name = "sd-sdk-python"
version = "0.2.5"
description = "Python helper module for the Sound Designer SDK"
category = "main"
optional = false
python-versions = ">=3.7,<4.0"

[metadata]
lock-version = "1.1"
python-versions = "^3.7"
content-hash = "d3d06fa182053108e2adc02474d19ea74970368713d28b8ca74208b83beb4448"

[metadata.files]
sd-sdk-python = [
    {file = "sd_sdk_python-0.2.5-py3-none-any.whl", hash = "sha256:c17a70ba6d8b3a99addceb4556778f3373e258036f4697e844e06310ccf61ec7"},
    {file = "sd_sdk_python-0.2.5.tar.gz", hash = "sha256:700ae004dba1139d2700745bf1ea20b3876260facc01fba85249171db8504f3b"},
]
