[[package]]
name = "sd-sdk-python"
version = "0.2.1"
description = "Python helper module for the Sound Designer SDK"
category = "main"
optional = false
python-versions = ">=3.7,<4.0"

[metadata]
lock-version = "1.1"
python-versions = "^3.7"
content-hash = "59d47a023db5ee72ab4e5c7174a060d6c09947a9d4d32cf006df189c6fb6d4df"

[metadata.files]
sd-sdk-python = [
    {file = "sd_sdk_python-0.2.1-py3-none-any.whl", hash = "sha256:0296a75fa287176fb176a83923eba8142580a50c4eb4beb11e35d22c081889c3"},
    {file = "sd_sdk_python-0.2.1.tar.gz", hash = "sha256:d6690500965f4cd8b4d2d4f46b1eee2dd444624e23d41d0b99e949e76c8625b3"},
]
